// !$*UTF8*$!
{
	archiveVersion = 1;
	classes = {
	};
	objectVersion = 50;
	objects = {

/* Begin PBXBuildFile section */
		E49ABBCA213C672C007296F8 /* DataDog.h in Headers */ = {isa = PBXBuildFile; fileRef = E4C9B8B821327262009180FD /* DataDog.h */; settings = {ATTRIBUTES = (Public, ); }; };
/* End PBXBuildFile section */

/* Begin PBXFileReference section */
		0F8CDDBAC3F767608660E2F8 /* Pods-DataDog.debug.xcconfig */ = {isa = PBXFileReference; includeInIndex = 1; lastKnownFileType = text.xcconfig; name = "Pods-DataDog.debug.xcconfig"; path = "Pods/Target Support Files/Pods-DataDog/Pods-DataDog.debug.xcconfig"; sourceTree = "<group>"; };
		346C497AB0A955D17CFEBBD0 /* Pods-DataDog.release.xcconfig */ = {isa = PBXFileReference; includeInIndex = 1; lastKnownFileType = text.xcconfig; name = "Pods-DataDog.release.xcconfig"; path = "Pods/Target Support Files/Pods-DataDog/Pods-DataDog.release.xcconfig"; sourceTree = "<group>"; };
		60C3EF12431D62DAF2CCED1F /* Pods_DataDog.framework */ = {isa = PBXFileReference; explicitFileType = wrapper.framework; includeInIndex = 0; path = Pods_DataDog.framework; sourceTree = BUILT_PRODUCTS_DIR; };
		E43EC7692138F872009E3548 /* DataDog.framework */ = {isa = PBXFileReference; explicitFileType = wrapper.framework; includeInIndex = 0; path = DataDog.framework; sourceTree = BUILT_PRODUCTS_DIR; };
		E440C12021328BF900A4A221 /* DataDog.swift */ = {isa = PBXFileReference; lastKnownFileType = sourcecode.swift; path = DataDog.swift; sourceTree = "<group>"; };
		E440C12321328E3500A4A221 /* Event.swift */ = {isa = PBXFileReference; lastKnownFileType = sourcecode.swift; path = Event.swift; sourceTree = "<group>"; };
		E440C12721330A1000A4A221 /* User.swift */ = {isa = PBXFileReference; lastKnownFileType = sourcecode.swift; path = User.swift; sourceTree = "<group>"; };
		E440C12921333D0C00A4A221 /* UserService.swift */ = {isa = PBXFileReference; lastKnownFileType = sourcecode.swift; path = UserService.swift; sourceTree = "<group>"; };
		E45D0ADC213341300080F3E4 /* Formatter_Extension.swift */ = {isa = PBXFileReference; fileEncoding = 4; lastKnownFileType = sourcecode.swift; path = Formatter_Extension.swift; sourceTree = "<group>"; };
		E45D0ADE2133419E0080F3E4 /* Bundle_Extension.swift */ = {isa = PBXFileReference; lastKnownFileType = sourcecode.swift; path = Bundle_Extension.swift; sourceTree = "<group>"; };
		E45D0AE0213343DF0080F3E4 /* String_Extension.swift */ = {isa = PBXFileReference; lastKnownFileType = sourcecode.swift; path = String_Extension.swift; sourceTree = "<group>"; };
		E46433E621344D90001F18F3 /* DataDogService.swift */ = {isa = PBXFileReference; lastKnownFileType = sourcecode.swift; path = DataDogService.swift; sourceTree = "<group>"; };
		E46433E9213451AE001F18F3 /* Organization.swift */ = {isa = PBXFileReference; lastKnownFileType = sourcecode.swift; path = Organization.swift; sourceTree = "<group>"; };
		E46433EB2134563D001F18F3 /* OrganizationService.swift */ = {isa = PBXFileReference; lastKnownFileType = sourcecode.swift; path = OrganizationService.swift; sourceTree = "<group>"; };
		E4C2D4862133CF4900A4FD7B /* EventService.swift */ = {isa = PBXFileReference; lastKnownFileType = sourcecode.swift; path = EventService.swift; sourceTree = "<group>"; };
		E4C9B8B821327262009180FD /* DataDog.h */ = {isa = PBXFileReference; lastKnownFileType = sourcecode.c.h; path = DataDog.h; sourceTree = "<group>"; };
		E4C9B8B921327262009180FD /* Info.plist */ = {isa = PBXFileReference; lastKnownFileType = text.plist.xml; path = Info.plist; sourceTree = "<group>"; };
/* End PBXFileReference section */

/* Begin PBXFrameworksBuildPhase section */
		E43EC7652138F872009E3548 /* Frameworks */ = {
			isa = PBXFrameworksBuildPhase;
			buildActionMask = 2147483647;
			files = (
			);
			runOnlyForDeploymentPostprocessing = 0;
		};
/* End PBXFrameworksBuildPhase section */

/* Begin PBXGroup section */
		9ACF5F8576D23EFB4C1333F2 /* Frameworks */ = {
			isa = PBXGroup;
			children = (
				60C3EF12431D62DAF2CCED1F /* Pods_DataDog.framework */,
			);
			name = Frameworks;
			sourceTree = "<group>";
		};
		B9516DC09EBD00798F6D8229 /* Pods */ = {
			isa = PBXGroup;
			children = (
				0F8CDDBAC3F767608660E2F8 /* Pods-DataDog.debug.xcconfig */,
				346C497AB0A955D17CFEBBD0 /* Pods-DataDog.release.xcconfig */,
			);
			name = Pods;
			sourceTree = "<group>";
		};
		E440C11F21328BD800A4A221 /* Classes */ = {
			isa = PBXGroup;
			children = (
				E440C12021328BF900A4A221 /* DataDog.swift */,
				E45D0ADB2133411C0080F3E4 /* Extensions */,
				E4C2D4832133CF1100A4FD7B /* Services */,
			);
			path = Classes;
			sourceTree = "<group>";
		};
		E45D0ADB2133411C0080F3E4 /* Extensions */ = {
			isa = PBXGroup;
			children = (
				E45D0ADE2133419E0080F3E4 /* Bundle_Extension.swift */,
				E45D0ADC213341300080F3E4 /* Formatter_Extension.swift */,
				E45D0AE0213343DF0080F3E4 /* String_Extension.swift */,
			);
			path = Extensions;
			sourceTree = "<group>";
		};
		E46433E82134518F001F18F3 /* Organizations */ = {
			isa = PBXGroup;
			children = (
				E46433E9213451AE001F18F3 /* Organization.swift */,
				E46433EB2134563D001F18F3 /* OrganizationService.swift */,
			);
			path = Organizations;
			sourceTree = "<group>";
		};
		E4C2D4832133CF1100A4FD7B /* Services */ = {
			isa = PBXGroup;
			children = (
				E46433E621344D90001F18F3 /* DataDogService.swift */,
				E4C2D4852133CF2A00A4FD7B /* Events */,
				E46433E82134518F001F18F3 /* Organizations */,
				E4C2D4842133CF1F00A4FD7B /* Users */,
			);
			path = Services;
			sourceTree = "<group>";
		};
		E4C2D4842133CF1F00A4FD7B /* Users */ = {
			isa = PBXGroup;
			children = (
				E440C12721330A1000A4A221 /* User.swift */,
				E440C12921333D0C00A4A221 /* UserService.swift */,
			);
			path = Users;
			sourceTree = "<group>";
		};
		E4C2D4852133CF2A00A4FD7B /* Events */ = {
			isa = PBXGroup;
			children = (
				E440C12321328E3500A4A221 /* Event.swift */,
				E4C2D4862133CF4900A4FD7B /* EventService.swift */,
			);
			path = Events;
			sourceTree = "<group>";
		};
		E4C9B8AB21327262009180FD = {
			isa = PBXGroup;
			children = (
				E4C9B8B721327262009180FD /* DataDog */,
				E4C9B8B621327262009180FD /* Products */,
				B9516DC09EBD00798F6D8229 /* Pods */,
				9ACF5F8576D23EFB4C1333F2 /* Frameworks */,
			);
			sourceTree = "<group>";
		};
		E4C9B8B621327262009180FD /* Products */ = {
			isa = PBXGroup;
			children = (
				E43EC7692138F872009E3548 /* DataDog.framework */,
			);
			name = Products;
			sourceTree = "<group>";
		};
		E4C9B8B721327262009180FD /* DataDog */ = {
			isa = PBXGroup;
			children = (
				E4C9B8B821327262009180FD /* DataDog.h */,
				E4C9B8B921327262009180FD /* Info.plist */,
				E440C11F21328BD800A4A221 /* Classes */,
			);
			path = DataDog;
			sourceTree = "<group>";
		};
/* End PBXGroup section */

/* Begin PBXHeadersBuildPhase section */
		E43EC7662138F872009E3548 /* Headers */ = {
			isa = PBXHeadersBuildPhase;
			buildActionMask = 2147483647;
			files = (
				E49ABBCA213C672C007296F8 /* DataDog.h in Headers */,
			);
			runOnlyForDeploymentPostprocessing = 0;
		};
/* End PBXHeadersBuildPhase section */

/* Begin PBXNativeTarget section */
		E43EC7682138F872009E3548 /* DataDog */ = {
			isa = PBXNativeTarget;
			buildConfigurationList = E43EC77A2138F872009E3548 /* Build configuration list for PBXNativeTarget "DataDog" */;
			buildPhases = (
				E43EC7642138F872009E3548 /* Sources */,
				E43EC7652138F872009E3548 /* Frameworks */,
				E43EC7662138F872009E3548 /* Headers */,
				E43EC7672138F872009E3548 /* Resources */,
			);
			buildRules = (
			);
			dependencies = (
			);
			name = DataDog;
			productName = DataDog;
			productReference = E43EC7692138F872009E3548 /* DataDog.framework */;
			productType = "com.apple.product-type.framework";
		};
/* End PBXNativeTarget section */

/* Begin PBXProject section */
		E4C9B8AC21327262009180FD /* Project object */ = {
			isa = PBXProject;
			attributes = {
				LastSwiftUpdateCheck = 0940;
				LastUpgradeCheck = 0940;
				ORGANIZATIONNAME = DataDog;
				TargetAttributes = {
					E43EC7682138F872009E3548 = {
						CreatedOnToolsVersion = 9.4.1;
					};
				};
			};
			buildConfigurationList = E4C9B8AF21327262009180FD /* Build configuration list for PBXProject "DataDog" */;
			compatibilityVersion = "Xcode 9.3";
			developmentRegion = en;
			hasScannedForEncodings = 0;
			knownRegions = (
				en,
			);
			mainGroup = E4C9B8AB21327262009180FD;
			productRefGroup = E4C9B8B621327262009180FD /* Products */;
			projectDirPath = "";
			projectRoot = "";
			targets = (
				E43EC7682138F872009E3548 /* DataDog */,
			);
		};
/* End PBXProject section */

/* Begin PBXResourcesBuildPhase section */
		E43EC7672138F872009E3548 /* Resources */ = {
			isa = PBXResourcesBuildPhase;
			buildActionMask = 2147483647;
			files = (
			);
			runOnlyForDeploymentPostprocessing = 0;
		};
/* End PBXResourcesBuildPhase section */

/* Begin PBXSourcesBuildPhase section */
		E43EC7642138F872009E3548 /* Sources */ = {
			isa = PBXSourcesBuildPhase;
			buildActionMask = 2147483647;
			files = (
			);
			runOnlyForDeploymentPostprocessing = 0;
		};
/* End PBXSourcesBuildPhase section */

/* Begin XCBuildConfiguration section */
		E43EC77B2138F872009E3548 /* Debug */ = {
			isa = XCBuildConfiguration;
			buildSettings = {
				CODE_SIGN_IDENTITY = "";
				CODE_SIGN_STYLE = Automatic;
				DEFINES_MODULE = YES;
				DEVELOPMENT_TEAM = PSW5J993A3;
				DYLIB_COMPATIBILITY_VERSION = 1;
				DYLIB_CURRENT_VERSION = 1;
				DYLIB_INSTALL_NAME_BASE = "@rpath";
				INFOPLIST_FILE = DataDog/Info.plist;
				INSTALL_PATH = "$(LOCAL_LIBRARY_DIR)/Frameworks";
				LD_RUNPATH_SEARCH_PATHS = (
					"$(inherited)",
					"@executable_path/Frameworks",
					"@loader_path/Frameworks",
				);
				PRODUCT_BUNDLE_IDENTIFIER = com.datadog.DataDog;
				PRODUCT_NAME = "$(TARGET_NAME:c99extidentifier)";
				SKIP_INSTALL = YES;
				SWIFT_VERSION = 4.0;
				TARGETED_DEVICE_FAMILY = "1,2";
			};
			name = Debug;
		};
		E43EC77C2138F872009E3548 /* Release */ = {
			isa = XCBuildConfiguration;
			buildSettings = {
				CODE_SIGN_IDENTITY = "";
				CODE_SIGN_STYLE = Automatic;
				DEFINES_MODULE = YES;
				DEVELOPMENT_TEAM = PSW5J993A3;
				DYLIB_COMPATIBILITY_VERSION = 1;
				DYLIB_CURRENT_VERSION = 1;
				DYLIB_INSTALL_NAME_BASE = "@rpath";
				INFOPLIST_FILE = DataDog/Info.plist;
				INSTALL_PATH = "$(LOCAL_LIBRARY_DIR)/Frameworks";
				LD_RUNPATH_SEARCH_PATHS = (
					"$(inherited)",
					"@executable_path/Frameworks",
					"@loader_path/Frameworks",
				);
				PRODUCT_BUNDLE_IDENTIFIER = com.datadog.DataDog;
				PRODUCT_NAME = "$(TARGET_NAME:c99extidentifier)";
				SKIP_INSTALL = YES;
				SWIFT_VERSION = 4.0;
				TARGETED_DEVICE_FAMILY = "1,2";
			};
			name = Release;
		};
		E4C9B8BB21327262009180FD /* Debug */ = {
			isa = XCBuildConfiguration;
			buildSettings = {
				ALWAYS_SEARCH_USER_PATHS = NO;
				CLANG_ANALYZER_NONNULL = YES;
				CLANG_ANALYZER_NUMBER_OBJECT_CONVERSION = YES_AGGRESSIVE;
				CLANG_CXX_LANGUAGE_STANDARD = "gnu++14";
				CLANG_CXX_LIBRARY = "libc++";
				CLANG_ENABLE_MODULES = YES;
				CLANG_ENABLE_OBJC_ARC = YES;
				CLANG_ENABLE_OBJC_WEAK = YES;
				CLANG_WARN_BLOCK_CAPTURE_AUTORELEASING = YES;
				CLANG_WARN_BOOL_CONVERSION = YES;
				CLANG_WARN_COMMA = YES;
				CLANG_WARN_CONSTANT_CONVERSION = YES;
				CLANG_WARN_DEPRECATED_OBJC_IMPLEMENTATIONS = YES;
				CLANG_WARN_DIRECT_OBJC_ISA_USAGE = YES_ERROR;
				CLANG_WARN_DOCUMENTATION_COMMENTS = YES;
				CLANG_WARN_EMPTY_BODY = YES;
				CLANG_WARN_ENUM_CONVERSION = YES;
				CLANG_WARN_INFINITE_RECURSION = YES;
				CLANG_WARN_INT_CONVERSION = YES;
				CLANG_WARN_NON_LITERAL_NULL_CONVERSION = YES;
				CLANG_WARN_OBJC_IMPLICIT_RETAIN_SELF = YES;
				CLANG_WARN_OBJC_LITERAL_CONVERSION = YES;
				CLANG_WARN_OBJC_ROOT_CLASS = YES_ERROR;
				CLANG_WARN_RANGE_LOOP_ANALYSIS = YES;
				CLANG_WARN_STRICT_PROTOTYPES = YES;
				CLANG_WARN_SUSPICIOUS_MOVE = YES;
				CLANG_WARN_UNGUARDED_AVAILABILITY = YES_AGGRESSIVE;
				CLANG_WARN_UNREACHABLE_CODE = YES;
				CLANG_WARN__DUPLICATE_METHOD_MATCH = YES;
				CODE_SIGN_IDENTITY = "iPhone Developer";
				COPY_PHASE_STRIP = NO;
				CURRENT_PROJECT_VERSION = 1;
				DEBUG_INFORMATION_FORMAT = dwarf;
				ENABLE_STRICT_OBJC_MSGSEND = YES;
				ENABLE_TESTABILITY = YES;
				GCC_C_LANGUAGE_STANDARD = gnu11;
				GCC_DYNAMIC_NO_PIC = NO;
				GCC_NO_COMMON_BLOCKS = YES;
				GCC_OPTIMIZATION_LEVEL = 0;
				GCC_PREPROCESSOR_DEFINITIONS = (
					"DEBUG=1",
					"$(inherited)",
				);
				GCC_WARN_64_TO_32_BIT_CONVERSION = YES;
				GCC_WARN_ABOUT_RETURN_TYPE = YES_ERROR;
				GCC_WARN_UNDECLARED_SELECTOR = YES;
				GCC_WARN_UNINITIALIZED_AUTOS = YES_AGGRESSIVE;
				GCC_WARN_UNUSED_FUNCTION = YES;
				GCC_WARN_UNUSED_VARIABLE = YES;
				IPHONEOS_DEPLOYMENT_TARGET = 11.4;
				MTL_ENABLE_DEBUG_INFO = YES;
				ONLY_ACTIVE_ARCH = YES;
				SDKROOT = iphoneos;
				SWIFT_ACTIVE_COMPILATION_CONDITIONS = DEBUG;
				SWIFT_OPTIMIZATION_LEVEL = "-Onone";
				VERSIONING_SYSTEM = "apple-generic";
				VERSION_INFO_PREFIX = "";
			};
			name = Debug;
		};
		E4C9B8BC21327262009180FD /* Release */ = {
			isa = XCBuildConfiguration;
			buildSettings = {
				ALWAYS_SEARCH_USER_PATHS = NO;
				CLANG_ANALYZER_NONNULL = YES;
				CLANG_ANALYZER_NUMBER_OBJECT_CONVERSION = YES_AGGRESSIVE;
				CLANG_CXX_LANGUAGE_STANDARD = "gnu++14";
				CLANG_CXX_LIBRARY = "libc++";
				CLANG_ENABLE_MODULES = YES;
				CLANG_ENABLE_OBJC_ARC = YES;
				CLANG_ENABLE_OBJC_WEAK = YES;
				CLANG_WARN_BLOCK_CAPTURE_AUTORELEASING = YES;
				CLANG_WARN_BOOL_CONVERSION = YES;
				CLANG_WARN_COMMA = YES;
				CLANG_WARN_CONSTANT_CONVERSION = YES;
				CLANG_WARN_DEPRECATED_OBJC_IMPLEMENTATIONS = YES;
				CLANG_WARN_DIRECT_OBJC_ISA_USAGE = YES_ERROR;
				CLANG_WARN_DOCUMENTATION_COMMENTS = YES;
				CLANG_WARN_EMPTY_BODY = YES;
				CLANG_WARN_ENUM_CONVERSION = YES;
				CLANG_WARN_INFINITE_RECURSION = YES;
				CLANG_WARN_INT_CONVERSION = YES;
				CLANG_WARN_NON_LITERAL_NULL_CONVERSION = YES;
				CLANG_WARN_OBJC_IMPLICIT_RETAIN_SELF = YES;
				CLANG_WARN_OBJC_LITERAL_CONVERSION = YES;
				CLANG_WARN_OBJC_ROOT_CLASS = YES_ERROR;
				CLANG_WARN_RANGE_LOOP_ANALYSIS = YES;
				CLANG_WARN_STRICT_PROTOTYPES = YES;
				CLANG_WARN_SUSPICIOUS_MOVE = YES;
				CLANG_WARN_UNGUARDED_AVAILABILITY = YES_AGGRESSIVE;
				CLANG_WARN_UNREACHABLE_CODE = YES;
				CLANG_WARN__DUPLICATE_METHOD_MATCH = YES;
				CODE_SIGN_IDENTITY = "iPhone Developer";
				COPY_PHASE_STRIP = NO;
				CURRENT_PROJECT_VERSION = 1;
				DEBUG_INFORMATION_FORMAT = "dwarf-with-dsym";
				ENABLE_NS_ASSERTIONS = NO;
				ENABLE_STRICT_OBJC_MSGSEND = YES;
				GCC_C_LANGUAGE_STANDARD = gnu11;
				GCC_NO_COMMON_BLOCKS = YES;
				GCC_WARN_64_TO_32_BIT_CONVERSION = YES;
				GCC_WARN_ABOUT_RETURN_TYPE = YES_ERROR;
				GCC_WARN_UNDECLARED_SELECTOR = YES;
				GCC_WARN_UNINITIALIZED_AUTOS = YES_AGGRESSIVE;
				GCC_WARN_UNUSED_FUNCTION = YES;
				GCC_WARN_UNUSED_VARIABLE = YES;
				IPHONEOS_DEPLOYMENT_TARGET = 11.4;
				MTL_ENABLE_DEBUG_INFO = NO;
				SDKROOT = iphoneos;
				SWIFT_COMPILATION_MODE = wholemodule;
				SWIFT_OPTIMIZATION_LEVEL = "-O";
				VALIDATE_PRODUCT = YES;
				VERSIONING_SYSTEM = "apple-generic";
				VERSION_INFO_PREFIX = "";
			};
			name = Release;
		};
/* End XCBuildConfiguration section */

/* Begin XCConfigurationList section */
		E43EC77A2138F872009E3548 /* Build configuration list for PBXNativeTarget "DataDog" */ = {
			isa = XCConfigurationList;
			buildConfigurations = (
				E43EC77B2138F872009E3548 /* Debug */,
				E43EC77C2138F872009E3548 /* Release */,
			);
			defaultConfigurationIsVisible = 0;
			defaultConfigurationName = Release;
		};
		E4C9B8AF21327262009180FD /* Build configuration list for PBXProject "DataDog" */ = {
			isa = XCConfigurationList;
			buildConfigurations = (
				E4C9B8BB21327262009180FD /* Debug */,
				E4C9B8BC21327262009180FD /* Release */,
			);
			defaultConfigurationIsVisible = 0;
			defaultConfigurationName = Release;
		};
/* End XCConfigurationList section */
	};
	rootObject = E4C9B8AC21327262009180FD /* Project object */;
}
